// !$*UTF8*$!
{
	archiveVersion = 1;
	classes = {
	};
	objectVersion = 77;
	objects = {

/* Begin PBXContainerItemProxy section */
		067BC9DA2CA1A049000E2458 /* PBXContainerItemProxy */ = {
			isa = PBXContainerItemProxy;
			containerPortal = 067BC9BB2CA1A044000E2458 /* Project object */;
			proxyType = 1;
			remoteGlobalIDString = 067BC9C22CA1A044000E2458;
			remoteInfo = OnePageApp;
		};
		067BC9E42CA1A049000E2458 /* PBXContainerItemProxy */ = {
			isa = PBXContainerItemProxy;
			containerPortal = 067BC9BB2CA1A044000E2458 /* Project object */;
			proxyType = 1;
			remoteGlobalIDString = 067BC9C22CA1A044000E2458;
			remoteInfo = OnePageApp;
		};
/* End PBXContainerItemProxy section */

/* Begin PBXFileReference section */
		067BC9C32CA1A044000E2458 /* OnePageApp.app */ = {isa = PBXFileReference; explicitFileType = wrapper.application; includeInIndex = 0; path = OnePageApp.app; sourceTree = BUILT_PRODUCTS_DIR; };
		067BC9D92CA1A049000E2458 /* OnePageAppTests.xctest */ = {isa = PBXFileReference; explicitFileType = wrapper.cfbundle; includeInIndex = 0; path = OnePageAppTests.xctest; sourceTree = BUILT_PRODUCTS_DIR; };
		067BC9E32CA1A049000E2458 /* OnePageAppUITests.xctest */ = {isa = PBXFileReference; explicitFileType = wrapper.cfbundle; includeInIndex = 0; path = OnePageAppUITests.xctest; sourceTree = BUILT_PRODUCTS_DIR; };
/* End PBXFileReference section */

/* Begin PBXFileSystemSynchronizedBuildFileExceptionSet section */
		067BC9EB2CA1A049000E2458 /* Exceptions for "OnePageApp" folder in "OnePageApp" target */ = {
			isa = PBXFileSystemSynchronizedBuildFileExceptionSet;
			membershipExceptions = (
				Info.plist,
			);
			target = 067BC9C22CA1A044000E2458 /* OnePageApp */;
		};
/* End PBXFileSystemSynchronizedBuildFileExceptionSet section */

/* Begin PBXFileSystemSynchronizedRootGroup section */
		067BC9C52CA1A044000E2458 /* OnePageApp */ = {
			isa = PBXFileSystemSynchronizedRootGroup;
			exceptions = (
				067BC9EB2CA1A049000E2458 /* Exceptions for "OnePageApp" folder in "OnePageApp" target */,
			);
			path = OnePageApp;
			sourceTree = "<group>";
		};
		067BC9DC2CA1A049000E2458 /* OnePageAppTests */ = {
			isa = PBXFileSystemSynchronizedRootGroup;
			path = OnePageAppTests;
			sourceTree = "<group>";
		};
		067BC9E62CA1A049000E2458 /* OnePageAppUITests */ = {
			isa = PBXFileSystemSynchronizedRootGroup;
			path = OnePageAppUITests;
			sourceTree = "<group>";
		};
/* End PBXFileSystemSynchronizedRootGroup section */

/* Begin PBXFrameworksBuildPhase section */
		067BC9C02CA1A044000E2458 /* Frameworks */ = {
			isa = PBXFrameworksBuildPhase;
			buildActionMask = 2147483647;
			files = (
			);
			runOnlyForDeploymentPostprocessing = 0;
		};
		067BC9D62CA1A049000E2458 /* Frameworks */ = {
			isa = PBXFrameworksBuildPhase;
			buildActionMask = 2147483647;
			files = (
			);
			runOnlyForDeploymentPostprocessing = 0;
		};
		067BC9E02CA1A049000E2458 /* Frameworks */ = {
			isa = PBXFrameworksBuildPhase;
			buildActionMask = 2147483647;
			files = (
			);
			runOnlyForDeploymentPostprocessing = 0;
		};
/* End PBXFrameworksBuildPhase section */

/* Begin PBXGroup section */
		067BC9BA2CA1A044000E2458 = {
			isa = PBXGroup;
			children = (
				067BC9C52CA1A044000E2458 /* OnePageApp */,
				067BC9DC2CA1A049000E2458 /* OnePageAppTests */,
				067BC9E62CA1A049000E2458 /* OnePageAppUITests */,
				067BC9C42CA1A044000E2458 /* Products */,
			);
			sourceTree = "<group>";
		};
		067BC9C42CA1A044000E2458 /* Products */ = {
			isa = PBXGroup;
			children = (
				067BC9C32CA1A044000E2458 /* OnePageApp.app */,
				067BC9D92CA1A049000E2458 /* OnePageAppTests.xctest */,
				067BC9E32CA1A049000E2458 /* OnePageAppUITests.xctest */,
			);
			name = Products;
			sourceTree = "<group>";
		};
/* End PBXGroup section */

/* Begin PBXNativeTarget section */
		067BC9C22CA1A044000E2458 /* OnePageApp */ = {
			isa = PBXNativeTarget;
			buildConfigurationList = 067BC9EC2CA1A049000E2458 /* Build configuration list for PBXNativeTarget "OnePageApp" */;
			buildPhases = (
				067BC9BF2CA1A044000E2458 /* Sources */,
				067BC9C02CA1A044000E2458 /* Frameworks */,
				067BC9C12CA1A044000E2458 /* Resources */,
			);
			buildRules = (
			);
			dependencies = (
			);
			fileSystemSynchronizedGroups = (
				067BC9C52CA1A044000E2458 /* OnePageApp */,
			);
			name = OnePageApp;
			packageProductDependencies = (
			);
			productName = OnePageApp;
			productReference = 067BC9C32CA1A044000E2458 /* OnePageApp.app */;
			productType = "com.apple.product-type.application";
		};
		067BC9D82CA1A049000E2458 /* OnePageAppTests */ = {
			isa = PBXNativeTarget;
			buildConfigurationList = 067BC9F12CA1A049000E2458 /* Build configuration list for PBXNativeTarget "OnePageAppTests" */;
			buildPhases = (
				067BC9D52CA1A049000E2458 /* Sources */,
				067BC9D62CA1A049000E2458 /* Frameworks */,
				067BC9D72CA1A049000E2458 /* Resources */,
			);
			buildRules = (
			);
			dependencies = (
				067BC9DB2CA1A049000E2458 /* PBXTargetDependency */,
			);
			fileSystemSynchronizedGroups = (
				067BC9DC2CA1A049000E2458 /* OnePageAppTests */,
			);
			name = OnePageAppTests;
			packageProductDependencies = (
			);
			productName = OnePageAppTests;
			productReference = 067BC9D92CA1A049000E2458 /* OnePageAppTests.xctest */;
			productType = "com.apple.product-type.bundle.unit-test";
		};
		067BC9E22CA1A049000E2458 /* OnePageAppUITests */ = {
			isa = PBXNativeTarget;
			buildConfigurationList = 067BC9F42CA1A049000E2458 /* Build configuration list for PBXNativeTarget "OnePageAppUITests" */;
			buildPhases = (
				067BC9DF2CA1A049000E2458 /* Sources */,
				067BC9E02CA1A049000E2458 /* Frameworks */,
				067BC9E12CA1A049000E2458 /* Resources */,
			);
			buildRules = (
			);
			dependencies = (
				067BC9E52CA1A049000E2458 /* PBXTargetDependency */,
			);
			fileSystemSynchronizedGroups = (
				067BC9E62CA1A049000E2458 /* OnePageAppUITests */,
			);
			name = OnePageAppUITests;
			packageProductDependencies = (
			);
			productName = OnePageAppUITests;
			productReference = 067BC9E32CA1A049000E2458 /* OnePageAppUITests.xctest */;
			productType = "com.apple.product-type.bundle.ui-testing";
		};
/* End PBXNativeTarget section */

/* Begin PBXProject section */
		067BC9BB2CA1A044000E2458 /* Project object */ = {
			isa = PBXProject;
			attributes = {
				BuildIndependentTargetsInParallel = 1;
				LastSwiftUpdateCheck = 1600;
				LastUpgradeCheck = 1600;
				TargetAttributes = {
					067BC9C22CA1A044000E2458 = {
						CreatedOnToolsVersion = 16.0;
					};
					067BC9D82CA1A049000E2458 = {
						CreatedOnToolsVersion = 16.0;
						TestTargetID = 067BC9C22CA1A044000E2458;
					};
					067BC9E22CA1A049000E2458 = {
						CreatedOnToolsVersion = 16.0;
						TestTargetID = 067BC9C22CA1A044000E2458;
					};
				};
			};
			buildConfigurationList = 067BC9BE2CA1A044000E2458 /* Build configuration list for PBXProject "OnePageApp" */;
			developmentRegion = en;
			hasScannedForEncodings = 0;
			knownRegions = (
				en,
				Base,
			);
			mainGroup = 067BC9BA2CA1A044000E2458;
			minimizedProjectReferenceProxies = 1;
			preferredProjectObjectVersion = 77;
			productRefGroup = 067BC9C42CA1A044000E2458 /* Products */;
			projectDirPath = "";
			projectRoot = "";
			targets = (
				067BC9C22CA1A044000E2458 /* OnePageApp */,
				067BC9D82CA1A049000E2458 /* OnePageAppTests */,
				067BC9E22CA1A049000E2458 /* OnePageAppUITests */,
			);
		};
/* End PBXProject section */

/* Begin PBXResourcesBuildPhase section */
		067BC9C12CA1A044000E2458 /* Resources */ = {
			isa = PBXResourcesBuildPhase;
			buildActionMask = 2147483647;
			files = (
			);
			runOnlyForDeploymentPostprocessing = 0;
		};
		067BC9D72CA1A049000E2458 /* Resources */ = {
			isa = PBXResourcesBuildPhase;
			buildActionMask = 2147483647;
			files = (
			);
			runOnlyForDeploymentPostprocessing = 0;
		};
		067BC9E12CA1A049000E2458 /* Resources */ = {
			isa = PBXResourcesBuildPhase;
			buildActionMask = 2147483647;
			files = (
			);
			runOnlyForDeploymentPostprocessing = 0;
		};
/* End PBXResourcesBuildPhase section */

/* Begin PBXSourcesBuildPhase section */
		067BC9BF2CA1A044000E2458 /* Sources */ = {
			isa = PBXSourcesBuildPhase;
			buildActionMask = 2147483647;
			files = (
			);
			runOnlyForDeploymentPostprocessing = 0;
		};
		067BC9D52CA1A049000E2458 /* Sources */ = {
			isa = PBXSourcesBuildPhase;
			buildActionMask = 2147483647;
			files = (
			);
			runOnlyForDeploymentPostprocessing = 0;
		};
		067BC9DF2CA1A049000E2458 /* Sources */ = {
			isa = PBXSourcesBuildPhase;
			buildActionMask = 2147483647;
			files = (
			);
			runOnlyForDeploymentPostprocessing = 0;
		};
/* End PBXSourcesBuildPhase section */

/* Begin PBXTargetDependency section */
		067BC9DB2CA1A049000E2458 /* PBXTargetDependency */ = {
			isa = PBXTargetDependency;
			target = 067BC9C22CA1A044000E2458 /* OnePageApp */;
			targetProxy = 067BC9DA2CA1A049000E2458 /* PBXContainerItemProxy */;
		};
		067BC9E52CA1A049000E2458 /* PBXTargetDependency */ = {
			isa = PBXTargetDependency;
			target = 067BC9C22CA1A044000E2458 /* OnePageApp */;
			targetProxy = 067BC9E42CA1A049000E2458 /* PBXContainerItemProxy */;
		};
/* End PBXTargetDependency section */

/* Begin XCBuildConfiguration section */
		067BC9ED2CA1A049000E2458 /* Debug */ = {
			isa = XCBuildConfiguration;
			buildSettings = {
				ASSETCATALOG_COMPILER_APPICON_NAME = AppIcon;
				ASSETCATALOG_COMPILER_GLOBAL_ACCENT_COLOR_NAME = AccentColor;
				CODE_SIGN_STYLE = Automatic;
				CURRENT_PROJECT_VERSION = 1;
				DEVELOPMENT_TEAM = HZ4MGAG87D;
				GENERATE_INFOPLIST_FILE = YES;
				INFOPLIST_FILE = OnePageApp/Info.plist;
				INFOPLIST_KEY_UIApplicationSupportsIndirectInputEvents = YES;
				INFOPLIST_KEY_UILaunchStoryboardName = LaunchScreen;
				INFOPLIST_KEY_UIMainStoryboardFile = Main;
				INFOPLIST_KEY_UISupportedInterfaceOrientations_iPad = "UIInterfaceOrientationPortrait UIInterfaceOrientationPortraitUpsideDown UIInterfaceOrientationLandscapeLeft UIInterfaceOrientationLandscapeRight";
				INFOPLIST_KEY_UISupportedInterfaceOrientations_iPhone = "UIInterfaceOrientationPortrait UIInterfaceOrientationLandscapeLeft UIInterfaceOrientationLandscapeRight";
				LD_RUNPATH_SEARCH_PATHS = (
					"$(inherited)",
					"@executable_path/Frameworks",
				);
				MARKETING_VERSION = 1.0;
				PRODUCT_BUNDLE_IDENTIFIER = bekoszn.OnePageApp;
				PRODUCT_NAME = "$(TARGET_NAME)";
				SWIFT_EMIT_LOC_STRINGS = YES;
				SWIFT_VERSION = 5.0;
				TARGETED_DEVICE_FAMILY = "1,2";
			};
			name = Debug;
		};
		067BC9EE2CA1A049000E2458 /* Release */ = {
			isa = XCBuildConfiguration;
			buildSettings = {
				ASSETCATALOG_COMPILER_APPICON_NAME = AppIcon;
				ASSETCATALOG_COMPILER_GLOBAL_ACCENT_COLOR_NAME = AccentColor;
				CODE_SIGN_STYLE = Automatic;
				CURRENT_PROJECT_VERSION = 1;
				DEVELOPMENT_TEAM = HZ4MGAG87D;
				GENERATE_INFOPLIST_FILE = YES;
				INFOPLIST_FILE = OnePageApp/Info.plist;
				INFOPLIST_KEY_UIApplicationSupportsIndirectInputEvents = YES;
				INFOPLIST_KEY_UILaunchStoryboardName = LaunchScreen;
				INFOPLIST_KEY_UIMainStoryboardFile = Main;
				INFOPLIST_KEY_UISupportedInterfaceOrientations_iPad = "UIInterfaceOrientationPortrait UIInterfaceOrientationPortraitUpsideDown UIInterfaceOrientationLandscapeLeft UIInterfaceOrientationLandscapeRight";
				INFOPLIST_KEY_UISupportedInterfaceOrientations_iPhone = "UIInterfaceOrientationPortrait UIInterfaceOrientationLandscapeLeft UIInterfaceOrientationLandscapeRight";
				LD_RUNPATH_SEARCH_PATHS = (
					"$(inherited)",
					"@executable_path/Frameworks",
				);
				MARKETING_VERSION = 1.0;
				PRODUCT_BUNDLE_IDENTIFIER = bekoszn.OnePageApp;
				PRODUCT_NAME = "$(TARGET_NAME)";
				SWIFT_EMIT_LOC_STRINGS = YES;
				SWIFT_VERSION = 5.0;
				TARGETED_DEVICE_FAMILY = "1,2";
			};
			name = Release;
		};
		067BC9EF2CA1A049000E2458 /* Debug */ = {
			isa = XCBuildConfiguration;
			buildSettings = {
				ALWAYS_SEARCH_USER_PATHS = NO;
				ASSETCATALOG_COMPILER_GENERATE_SWIFT_ASSET_SYMBOL_EXTENSIONS = YES;
				CLANG_ANALYZER_NONNULL = YES;
				CLANG_ANALYZER_NUMBER_OBJECT_CONVERSION = YES_AGGRESSIVE;
				CLANG_CXX_LANGUAGE_STANDARD = "gnu++20";
				CLANG_ENABLE_MODULES = YES;
				CLANG_ENABLE_OBJC_ARC = YES;
				CLANG_ENABLE_OBJC_WEAK = YES;
				CLANG_WARN_BLOCK_CAPTURE_AUTORELEASING = YES;
				CLANG_WARN_BOOL_CONVERSION = YES;
				CLANG_WARN_COMMA = YES;
				CLANG_WARN_CONSTANT_CONVERSION = YES;
				CLANG_WARN_DEPRECATED_OBJC_IMPLEMENTATIONS = YES;
				CLANG_WARN_DIRECT_OBJC_ISA_USAGE = YES_ERROR;
				CLANG_WARN_DOCUMENTATION_COMMENTS = YES;
				CLANG_WARN_EMPTY_BODY = YES;
				CLANG_WARN_ENUM_CONVERSION = YES;
				CLANG_WARN_INFINITE_RECURSION = YES;
				CLANG_WARN_INT_CONVERSION = YES;
				CLANG_WARN_NON_LITERAL_NULL_CONVERSION = YES;
				CLANG_WARN_OBJC_IMPLICIT_RETAIN_SELF = YES;
				CLANG_WARN_OBJC_LITERAL_CONVERSION = YES;
				CLANG_WARN_OBJC_ROOT_CLASS = YES_ERROR;
				CLANG_WARN_QUOTED_INCLUDE_IN_FRAMEWORK_HEADER = YES;
				CLANG_WARN_RANGE_LOOP_ANALYSIS = YES;
				CLANG_WARN_STRICT_PROTOTYPES = YES;
				CLANG_WARN_SUSPICIOUS_MOVE = YES;
				CLANG_WARN_UNGUARDED_AVAILABILITY = YES_AGGRESSIVE;
				CLANG_WARN_UNREACHABLE_CODE = YES;
				CLANG_WARN__DUPLICATE_METHOD_MATCH = YES;
				COPY_PHASE_STRIP = NO;
				DEBUG_INFORMATION_FORMAT = dwarf;
				ENABLE_STRICT_OBJC_MSGSEND = YES;
				ENABLE_TESTABILITY = YES;
				ENABLE_USER_SCRIPT_SANDBOXING = YES;
				GCC_C_LANGUAGE_STANDARD = gnu17;
				GCC_DYNAMIC_NO_PIC = NO;
				GCC_NO_COMMON_BLOCKS = YES;
				GCC_OPTIMIZATION_LEVEL = 0;
				GCC_PREPROCESSOR_DEFINITIONS = (
					"DEBUG=1",
					"$(inherited)",
				);
				GCC_WARN_64_TO_32_BIT_CONVERSION = YES;
				GCC_WARN_ABOUT_RETURN_TYPE = YES_ERROR;
				GCC_WARN_UNDECLARED_SELECTOR = YES;
				GCC_WARN_UNINITIALIZED_AUTOS = YES_AGGRESSIVE;
				GCC_WARN_UNUSED_FUNCTION = YES;
				GCC_WARN_UNUSED_VARIABLE = YES;
				IPHONEOS_DEPLOYMENT_TARGET = 18.0;
				LOCALIZATION_PREFERS_STRING_CATALOGS = YES;
				MTL_ENABLE_DEBUG_INFO = INCLUDE_SOURCE;
				MTL_FAST_MATH = YES;
				ONLY_ACTIVE_ARCH = YES;
				SDKROOT = iphoneos;
				SWIFT_ACTIVE_COMPILATION_CONDITIONS = "DEBUG $(inherited)";
				SWIFT_OPTIMIZATION_LEVEL = "-Onone";
			};
			name = Debug;
		};
		067BC9F02CA1A049000E2458 /* Release */ = {
			isa = XCBuildConfiguration;
			buildSettings = {
				ALWAYS_SEARCH_USER_PATHS = NO;
				ASSETCATALOG_COMPILER_GENERATE_SWIFT_ASSET_SYMBOL_EXTENSIONS = YES;
				CLANG_ANALYZER_NONNULL = YES;
				CLANG_ANALYZER_NUMBER_OBJECT_CONVERSION = YES_AGGRESSIVE;
				CLANG_CXX_LANGUAGE_STANDARD = "gnu++20";
				CLANG_ENABLE_MODULES = YES;
				CLANG_ENABLE_OBJC_ARC = YES;
				CLANG_ENABLE_OBJC_WEAK = YES;
				CLANG_WARN_BLOCK_CAPTURE_AUTORELEASING = YES;
				CLANG_WARN_BOOL_CONVERSION = YES;
				CLANG_WARN_COMMA = YES;
				CLANG_WARN_CONSTANT_CONVERSION = YES;
				CLANG_WARN_DEPRECATED_OBJC_IMPLEMENTATIONS = YES;
				CLANG_WARN_DIRECT_OBJC_ISA_USAGE = YES_ERROR;
				CLANG_WARN_DOCUMENTATION_COMMENTS = YES;
				CLANG_WARN_EMPTY_BODY = YES;
				CLANG_WARN_ENUM_CONVERSION = YES;
				CLANG_WARN_INFINITE_RECURSION = YES;
				CLANG_WARN_INT_CONVERSION = YES;
				CLANG_WARN_NON_LITERAL_NULL_CONVERSION = YES;
				CLANG_WARN_OBJC_IMPLICIT_RETAIN_SELF = YES;
				CLANG_WARN_OBJC_LITERAL_CONVERSION = YES;
				CLANG_WARN_OBJC_ROOT_CLASS = YES_ERROR;
				CLANG_WARN_QUOTED_INCLUDE_IN_FRAMEWORK_HEADER = YES;
				CLANG_WARN_RANGE_LOOP_ANALYSIS = YES;
				CLANG_WARN_STRICT_PROTOTYPES = YES;
				CLANG_WARN_SUSPICIOUS_MOVE = YES;
				CLANG_WARN_UNGUARDED_AVAILABILITY = YES_AGGRESSIVE;
				CLANG_WARN_UNREACHABLE_CODE = YES;
				CLANG_WARN__DUPLICATE_METHOD_MATCH = YES;
				COPY_PHASE_STRIP = NO;
				DEBUG_INFORMATION_FORMAT = "dwarf-with-dsym";
				ENABLE_NS_ASSERTIONS = NO;
				ENABLE_STRICT_OBJC_MSGSEND = YES;
				ENABLE_USER_SCRIPT_SANDBOXING = YES;
				GCC_C_LANGUAGE_STANDARD = gnu17;
				GCC_NO_COMMON_BLOCKS = YES;
				GCC_WARN_64_TO_32_BIT_CONVERSION = YES;
				GCC_WARN_ABOUT_RETURN_TYPE = YES_ERROR;
				GCC_WARN_UNDECLARED_SELECTOR = YES;
				GCC_WARN_UNINITIALIZED_AUTOS = YES_AGGRESSIVE;
				GCC_WARN_UNUSED_FUNCTION = YES;
				GCC_WARN_UNUSED_VARIABLE = YES;
				IPHONEOS_DEPLOYMENT_TARGET = 18.0;
				LOCALIZATION_PREFERS_STRING_CATALOGS = YES;
				MTL_ENABLE_DEBUG_INFO = NO;
				MTL_FAST_MATH = YES;
				SDKROOT = iphoneos;
				SWIFT_COMPILATION_MODE = wholemodule;
				VALIDATE_PRODUCT = YES;
			};
			name = Release;
		};
		067BC9F22CA1A049000E2458 /* Debug */ = {
			isa = XCBuildConfiguration;
			buildSettings = {
				BUNDLE_LOADER = "$(TEST_HOST)";
				CODE_SIGN_STYLE = Automatic;
				CURRENT_PROJECT_VERSION = 1;
				DEVELOPMENT_TEAM = HZ4MGAG87D;
				GENERATE_INFOPLIST_FILE = YES;
				IPHONEOS_DEPLOYMENT_TARGET = 18.0;
				MARKETING_VERSION = 1.0;
				PRODUCT_BUNDLE_IDENTIFIER = bekoszn.OnePageAppTests;
				PRODUCT_NAME = "$(TARGET_NAME)";
				SWIFT_EMIT_LOC_STRINGS = NO;
				SWIFT_VERSION = 5.0;
				TARGETED_DEVICE_FAMILY = "1,2";
				TEST_HOST = "$(BUILT_PRODUCTS_DIR)/OnePageApp.app/$(BUNDLE_EXECUTABLE_FOLDER_PATH)/OnePageApp";
			};
			name = Debug;
		};
		067BC9F32CA1A049000E2458 /* Release */ = {
			isa = XCBuildConfiguration;
			buildSettings = {
				BUNDLE_LOADER = "$(TEST_HOST)";
				CODE_SIGN_STYLE = Automatic;
				CURRENT_PROJECT_VERSION = 1;
				DEVELOPMENT_TEAM = HZ4MGAG87D;
				GENERATE_INFOPLIST_FILE = YES;
				IPHONEOS_DEPLOYMENT_TARGET = 18.0;
				MARKETING_VERSION = 1.0;
				PRODUCT_BUNDLE_IDENTIFIER = bekoszn.OnePageAppTests;
				PRODUCT_NAME = "$(TARGET_NAME)";
				SWIFT_EMIT_LOC_STRINGS = NO;
				SWIFT_VERSION = 5.0;
				TARGETED_DEVICE_FAMILY = "1,2";
				TEST_HOST = "$(BUILT_PRODUCTS_DIR)/OnePageApp.app/$(BUNDLE_EXECUTABLE_FOLDER_PATH)/OnePageApp";
			};
			name = Release;
		};
		067BC9F52CA1A049000E2458 /* Debug */ = {
			isa = XCBuildConfiguration;
			buildSettings = {
				CODE_SIGN_STYLE = Automatic;
				CURRENT_PROJECT_VERSION = 1;
				DEVELOPMENT_TEAM = HZ4MGAG87D;
				GENERATE_INFOPLIST_FILE = YES;
				MARKETING_VERSION = 1.0;
				PRODUCT_BUNDLE_IDENTIFIER = bekoszn.OnePageAppUITests;
				PRODUCT_NAME = "$(TARGET_NAME)";
				SWIFT_EMIT_LOC_STRINGS = NO;
				SWIFT_VERSION = 5.0;
				TARGETED_DEVICE_FAMILY = "1,2";
				TEST_TARGET_NAME = OnePageApp;
			};
			name = Debug;
		};
		067BC9F62CA1A049000E2458 /* Release */ = {
			isa = XCBuildConfiguration;
			buildSettings = {
				CODE_SIGN_STYLE = Automatic;
				CURRENT_PROJECT_VERSION = 1;
				DEVELOPMENT_TEAM = HZ4MGAG87D;
				GENERATE_INFOPLIST_FILE = YES;
				MARKETING_VERSION = 1.0;
				PRODUCT_BUNDLE_IDENTIFIER = bekoszn.OnePageAppUITests;
				PRODUCT_NAME = "$(TARGET_NAME)";
				SWIFT_EMIT_LOC_STRINGS = NO;
				SWIFT_VERSION = 5.0;
				TARGETED_DEVICE_FAMILY = "1,2";
				TEST_TARGET_NAME = OnePageApp;
			};
			name = Release;
		};
/* End XCBuildConfiguration section */

/* Begin XCConfigurationList section */
		067BC9BE2CA1A044000E2458 /* Build configuration list for PBXProject "OnePageApp" */ = {
			isa = XCConfigurationList;
			buildConfigurations = (
				067BC9EF2CA1A049000E2458 /* Debug */,
				067BC9F02CA1A049000E2458 /* Release */,
			);
			defaultConfigurationIsVisible = 0;
			defaultConfigurationName = Release;
		};
		067BC9EC2CA1A049000E2458 /* Build configuration list for PBXNativeTarget "OnePageApp" */ = {
			isa = XCConfigurationList;
			buildConfigurations = (
				067BC9ED2CA1A049000E2458 /* Debug */,
				067BC9EE2CA1A049000E2458 /* Release */,
			);
			defaultConfigurationIsVisible = 0;
			defaultConfigurationName = Release;
		};
		067BC9F12CA1A049000E2458 /* Build configuration list for PBXNativeTarget "OnePageAppTests" */ = {
			isa = XCConfigurationList;
			buildConfigurations = (
				067BC9F22CA1A049000E2458 /* Debug */,
				067BC9F32CA1A049000E2458 /* Release */,
			);
			defaultConfigurationIsVisible = 0;
			defaultConfigurationName = Release;
		};
		067BC9F42CA1A049000E2458 /* Build configuration list for PBXNativeTarget "OnePageAppUITests" */ = {
			isa = XCConfigurationList;
			buildConfigurations = (
				067BC9F52CA1A049000E2458 /* Debug */,
				067BC9F62CA1A049000E2458 /* Release */,
			);
			defaultConfigurationIsVisible = 0;
			defaultConfigurationName = Release;
		};
/* End XCConfigurationList section */
	};
	rootObject = 067BC9BB2CA1A044000E2458 /* Project object */;
}
